# THIS IS AN AUTOGENERATED FILE. DO NOT EDIT THIS FILE DIRECTLY.
# yarn lockfile v1


"@google-cloud/paginator@^3.0.7":
  version "3.0.7"
  resolved "https://registry.npmjs.org/@google-cloud/paginator/-/paginator-3.0.7.tgz"
  dependencies:
    arrify "^2.0.0"
    extend "^3.0.2"

"@google-cloud/projectify@^3.0.0":
  version "3.0.0"
  resolved "https://registry.npmjs.org/@google-cloud/projectify/-/projectify-3.0.0.tgz"

"@google-cloud/promisify@^3.0.0":
  version "3.0.1"
  resolved "https://registry.npmjs.org/@google-cloud/promisify/-/promisify-3.0.1.tgz"

"@google-cloud/storage@^6.7.0":
  version "6.7.0"
  resolved "https://registry.npmjs.org/@google-cloud/storage/-/storage-6.7.0.tgz"
  dependencies:
    "@google-cloud/paginator" "^3.0.7"
    "@google-cloud/projectify" "^3.0.0"
    "@google-cloud/promisify" "^3.0.0"
    abort-controller "^3.0.0"
    async-retry "^1.3.3"
    compressible "^2.0.12"
    duplexify "^4.0.0"
    ent "^2.2.0"
    extend "^3.0.2"
    gaxios "^5.0.0"
    google-auth-library "^8.0.1"
    mime "^3.0.0"
    mime-types "^2.0.8"
    p-limit "^3.0.1"
    retry-request "^5.0.0"
    teeny-request "^8.0.0"
    uuid "^8.0.0"

"@tootallnate/once@2":
  version "2.0.0"
  resolved "https://registry.npmjs.org/@tootallnate/once/-/once-2.0.0.tgz"

abort-controller@^3.0.0:
  version "3.0.0"
  resolved "https://registry.npmjs.org/abort-controller/-/abort-controller-3.0.0.tgz"
  dependencies:
    event-target-shim "^5.0.0"

after-all-results@^2.0.0:
  version "2.0.0"
  resolved "https://registry.npmjs.org/after-all-results/-/after-all-results-2.0.0.tgz"

agent-base@6:
  version "6.0.2"
  resolved "https://registry.npmjs.org/agent-base/-/agent-base-6.0.2.tgz"
  dependencies:
    debug "4"

arrify@^2.0.0:
  version "2.0.1"
  resolved "https://registry.npmjs.org/arrify/-/arrify-2.0.1.tgz"

async-retry@^1.3.3:
  version "1.3.3"
  resolved "https://registry.npmjs.org/async-retry/-/async-retry-1.3.3.tgz"
  dependencies:
    retry "0.13.1"

available-typed-arrays@^1.0.5:
  version "1.0.5"
  resolved "https://registry.npmjs.org/available-typed-arrays/-/available-typed-arrays-1.0.5.tgz"

balanced-match@^1.0.0:
  version "1.0.0"
  resolved "https://registry.npmjs.org/balanced-match/-/balanced-match-1.0.0.tgz"

base64-js@^1.3.0:
  version "1.5.1"
  resolved "https://registry.npmjs.org/base64-js/-/base64-js-1.5.1.tgz"

bignumber.js@^9.0.0:
  version "9.1.0"
  resolved "https://registry.npmjs.org/bignumber.js/-/bignumber.js-9.1.0.tgz"

brace-expansion@^1.1.7:
  version "1.1.11"
  resolved "https://registry.npmjs.org/brace-expansion/-/brace-expansion-1.1.11.tgz"
  dependencies:
    balanced-match "^1.0.0"
    concat-map "0.0.1"

buffer-equal-constant-time@1.0.1:
  version "1.0.1"
  resolved "https://registry.npmjs.org/buffer-equal-constant-time/-/buffer-equal-constant-time-1.0.1.tgz"

call-bind@^1.0.0, call-bind@^1.0.2:
  version "1.0.2"
  resolved "https://registry.npmjs.org/call-bind/-/call-bind-1.0.2.tgz"
  dependencies:
    function-bind "^1.1.1"
    get-intrinsic "^1.0.2"

compressible@^2.0.12:
  version "2.0.18"
  resolved "https://registry.npmjs.org/compressible/-/compressible-2.0.18.tgz"
  dependencies:
    mime-db ">= 1.43.0 < 2"

concat-map@0.0.1:
  version "0.0.1"
  resolved "https://registry.npmjs.org/concat-map/-/concat-map-0.0.1.tgz"

core-util-is@~1.0.0:
  version "1.0.2"
  resolved "https://registry.npmjs.org/core-util-is/-/core-util-is-1.0.2.tgz"

debug@4, debug@^4.1.1:
  version "4.3.4"
  resolved "https://registry.npmjs.org/debug/-/debug-4.3.4.tgz"
  dependencies:
    ms "2.1.2"

deep-equal@^2.0.5:
  version "2.0.5"
  resolved "https://registry.npmjs.org/deep-equal/-/deep-equal-2.0.5.tgz"
  dependencies:
    call-bind "^1.0.0"
    es-get-iterator "^1.1.1"
    get-intrinsic "^1.0.1"
    is-arguments "^1.0.4"
    is-date-object "^1.0.2"
    is-regex "^1.1.1"
    isarray "^2.0.5"
    object-is "^1.1.4"
    object-keys "^1.1.1"
    object.assign "^4.1.2"
    regexp.prototype.flags "^1.3.0"
    side-channel "^1.0.3"
    which-boxed-primitive "^1.0.1"
    which-collection "^1.0.1"
    which-typed-array "^1.1.2"

define-properties@^1.1.3:
  version "1.1.3"
  resolved "https://registry.npmjs.org/define-properties/-/define-properties-1.1.3.tgz"
  dependencies:
    object-keys "^1.0.12"

defined@^1.0.0:
  version "1.0.0"
  resolved "https://registry.npmjs.org/defined/-/defined-1.0.0.tgz"

dotenv-safe@^4.0.4:
  version "4.0.4"
  resolved "https://registry.npmjs.org/dotenv-safe/-/dotenv-safe-4.0.4.tgz"
  dependencies:
    dotenv "^4.0.0"

dotenv@^4.0.0:
  version "4.0.0"
  resolved "https://registry.npmjs.org/dotenv/-/dotenv-4.0.0.tgz"

dotignore@^0.1.2:
  version "0.1.2"
  resolved "https://registry.npmjs.org/dotignore/-/dotignore-0.1.2.tgz"
  dependencies:
    minimatch "^3.0.4"

duplexify@^4.0.0:
  version "4.1.2"
  resolved "https://registry.npmjs.org/duplexify/-/duplexify-4.1.2.tgz"
  dependencies:
    end-of-stream "^1.4.1"
    inherits "^2.0.3"
    readable-stream "^3.1.1"
    stream-shift "^1.0.0"

ecdsa-sig-formatter@1.0.11, ecdsa-sig-formatter@^1.0.11:
  version "1.0.11"
  resolved "https://registry.npmjs.org/ecdsa-sig-formatter/-/ecdsa-sig-formatter-1.0.11.tgz"
  dependencies:
    safe-buffer "^5.0.1"

end-of-stream@^1.1.0, end-of-stream@^1.4.1:
  version "1.4.4"
  resolved "https://registry.npmjs.org/end-of-stream/-/end-of-stream-1.4.4.tgz"
  dependencies:
    once "^1.4.0"

ent@^2.2.0:
  version "2.2.0"
  resolved "https://registry.npmjs.org/ent/-/ent-2.2.0.tgz"

es-abstract@^1.18.0-next.2, es-abstract@^1.18.5:
  version "1.18.5"
  resolved "https://registry.npmjs.org/es-abstract/-/es-abstract-1.18.5.tgz"
  dependencies:
    call-bind "^1.0.2"
    es-to-primitive "^1.2.1"
    function-bind "^1.1.1"
    get-intrinsic "^1.1.1"
    has "^1.0.3"
    has-symbols "^1.0.2"
    internal-slot "^1.0.3"
    is-callable "^1.2.3"
    is-negative-zero "^2.0.1"
    is-regex "^1.1.3"
    is-string "^1.0.6"
    object-inspect "^1.11.0"
    object-keys "^1.1.1"
    object.assign "^4.1.2"
    string.prototype.trimend "^1.0.4"
    string.prototype.trimstart "^1.0.4"
    unbox-primitive "^1.0.1"

es-get-iterator@^1.1.1:
  version "1.1.2"
  resolved "https://registry.npmjs.org/es-get-iterator/-/es-get-iterator-1.1.2.tgz"
  dependencies:
    call-bind "^1.0.2"
    get-intrinsic "^1.1.0"
    has-symbols "^1.0.1"
    is-arguments "^1.1.0"
    is-map "^2.0.2"
    is-set "^2.0.2"
    is-string "^1.0.5"
    isarray "^2.0.5"

es-to-primitive@^1.2.1:
  version "1.2.1"
  resolved "https://registry.npmjs.org/es-to-primitive/-/es-to-primitive-1.2.1.tgz"
  dependencies:
    is-callable "^1.1.4"
    is-date-object "^1.0.1"
    is-symbol "^1.0.2"

event-target-shim@^5.0.0:
  version "5.0.1"
  resolved "https://registry.npmjs.org/event-target-shim/-/event-target-shim-5.0.1.tgz"

extend@^3.0.2:
  version "3.0.2"
  resolved "https://registry.npmjs.org/extend/-/extend-3.0.2.tgz"

fast-text-encoding@^1.0.0:
  version "1.0.6"
  resolved "https://registry.npmjs.org/fast-text-encoding/-/fast-text-encoding-1.0.6.tgz"

for-each@^0.3.3:
  version "0.3.3"
  resolved "https://registry.npmjs.org/for-each/-/for-each-0.3.3.tgz"
  dependencies:
    is-callable "^1.1.3"

foreach@^2.0.5:
  version "2.0.5"
  resolved "https://registry.npmjs.org/foreach/-/foreach-2.0.5.tgz"

from2-array@0.0.4:
  version "0.0.4"
  resolved "https://registry.npmjs.org/from2-array/-/from2-array-0.0.4.tgz"
  dependencies:
    from2 "^2.0.3"

from2@^2.0.3:
  version "2.3.0"
  resolved "https://registry.npmjs.org/from2/-/from2-2.3.0.tgz"
  dependencies:
    inherits "^2.0.1"
    readable-stream "^2.0.0"

fs.realpath@^1.0.0:
  version "1.0.0"
  resolved "https://registry.npmjs.org/fs.realpath/-/fs.realpath-1.0.0.tgz"

function-bind@^1.1.1:
  version "1.1.1"
  resolved "https://registry.npmjs.org/function-bind/-/function-bind-1.1.1.tgz"

gaxios@^5.0.0, gaxios@^5.0.1:
  version "5.0.2"
  resolved "https://registry.npmjs.org/gaxios/-/gaxios-5.0.2.tgz"
  dependencies:
    extend "^3.0.2"
    https-proxy-agent "^5.0.0"
    is-stream "^2.0.0"
    node-fetch "^2.6.7"

gcp-metadata@^5.0.0:
  version "5.0.1"
  resolved "https://registry.npmjs.org/gcp-metadata/-/gcp-metadata-5.0.1.tgz"
  dependencies:
    gaxios "^5.0.0"
    json-bigint "^1.0.0"

get-intrinsic@^1.0.1, get-intrinsic@^1.0.2, get-intrinsic@^1.1.0, get-intrinsic@^1.1.1:
  version "1.1.1"
  resolved "https://registry.npmjs.org/get-intrinsic/-/get-intrinsic-1.1.1.tgz"
  dependencies:
    function-bind "^1.1.1"
    has "^1.0.3"
    has-symbols "^1.0.1"

get-package-type@^0.1.0:
  version "0.1.0"
  resolved "https://registry.npmjs.org/get-package-type/-/get-package-type-0.1.0.tgz"

git-state@^4.0.0:
  version "4.0.0"
  resolved "https://registry.npmjs.org/git-state/-/git-state-4.0.0.tgz"
  dependencies:
    after-all-results "^2.0.0"

glob@^7.1.7:
  version "7.1.7"
  resolved "https://registry.npmjs.org/glob/-/glob-7.1.7.tgz"
  dependencies:
    fs.realpath "^1.0.0"
    inflight "^1.0.4"
    inherits "2"
    minimatch "^3.0.4"
    once "^1.3.0"
    path-is-absolute "^1.0.0"

google-auth-library@^8.0.1:
  version "8.6.0"
  resolved "https://registry.npmjs.org/google-auth-library/-/google-auth-library-8.6.0.tgz"
  dependencies:
    arrify "^2.0.0"
    base64-js "^1.3.0"
    ecdsa-sig-formatter "^1.0.11"
    fast-text-encoding "^1.0.0"
    gaxios "^5.0.0"
    gcp-metadata "^5.0.0"
    gtoken "^6.1.0"
    jws "^4.0.0"
    lru-cache "^6.0.0"

google-p12-pem@^4.0.0:
  version "4.0.1"
  resolved "https://registry.npmjs.org/google-p12-pem/-/google-p12-pem-4.0.1.tgz"
  dependencies:
    node-forge "^1.3.1"

graceful-fs@^4.1.2:
  version "4.1.11"
  resolved "https://registry.npmjs.org/graceful-fs/-/graceful-fs-4.1.11.tgz"

gtoken@^6.1.0:
  version "6.1.2"
  resolved "https://registry.npmjs.org/gtoken/-/gtoken-6.1.2.tgz"
  dependencies:
    gaxios "^5.0.1"
    google-p12-pem "^4.0.0"
    jws "^4.0.0"

has-bigints@^1.0.1:
  version "1.0.1"
  resolved "https://registry.npmjs.org/has-bigints/-/has-bigints-1.0.1.tgz"

has-dynamic-import@^2.0.0:
  version "2.0.0"
  resolved "https://registry.npmjs.org/has-dynamic-import/-/has-dynamic-import-2.0.0.tgz"
  dependencies:
    call-bind "^1.0.2"

has-symbols@^1.0.1, has-symbols@^1.0.2:
  version "1.0.2"
  resolved "https://registry.npmjs.org/has-symbols/-/has-symbols-1.0.2.tgz"

has-tostringtag@^1.0.0:
  version "1.0.0"
  resolved "https://registry.npmjs.org/has-tostringtag/-/has-tostringtag-1.0.0.tgz"
  dependencies:
    has-symbols "^1.0.2"

has@^1.0.3:
  version "1.0.3"
  resolved "https://registry.npmjs.org/has/-/has-1.0.3.tgz"
  dependencies:
    function-bind "^1.1.1"

http-proxy-agent@^5.0.0:
  version "5.0.0"
  resolved "https://registry.npmjs.org/http-proxy-agent/-/http-proxy-agent-5.0.0.tgz"
  dependencies:
    "@tootallnate/once" "2"
    agent-base "6"
    debug "4"

https-proxy-agent@^5.0.0:
  version "5.0.1"
  resolved "https://registry.npmjs.org/https-proxy-agent/-/https-proxy-agent-5.0.1.tgz"
  dependencies:
    agent-base "6"
    debug "4"

inflight@^1.0.4:
  version "1.0.6"
  resolved "https://registry.npmjs.org/inflight/-/inflight-1.0.6.tgz"
  dependencies:
    once "^1.3.0"
    wrappy "1"

inherits@2, inherits@^2.0.1, inherits@^2.0.3, inherits@^2.0.4, inherits@~2.0.3:
  version "2.0.4"
  resolved "https://registry.npmjs.org/inherits/-/inherits-2.0.4.tgz"

internal-slot@^1.0.3:
  version "1.0.3"
  resolved "https://registry.npmjs.org/internal-slot/-/internal-slot-1.0.3.tgz"
  dependencies:
    get-intrinsic "^1.1.0"
    has "^1.0.3"
    side-channel "^1.0.4"

is-arguments@^1.0.4, is-arguments@^1.1.0:
  version "1.1.1"
  resolved "https://registry.npmjs.org/is-arguments/-/is-arguments-1.1.1.tgz"
  dependencies:
    call-bind "^1.0.2"
    has-tostringtag "^1.0.0"

is-bigint@^1.0.1:
  version "1.0.4"
  resolved "https://registry.npmjs.org/is-bigint/-/is-bigint-1.0.4.tgz"
  dependencies:
    has-bigints "^1.0.1"

is-boolean-object@^1.1.0:
  version "1.1.2"
  resolved "https://registry.npmjs.org/is-boolean-object/-/is-boolean-object-1.1.2.tgz"
  dependencies:
    call-bind "^1.0.2"
    has-tostringtag "^1.0.0"

is-callable@^1.1.3, is-callable@^1.1.4, is-callable@^1.2.3:
  version "1.2.4"
  resolved "https://registry.npmjs.org/is-callable/-/is-callable-1.2.4.tgz"

is-core-module@^2.2.0:
  version "2.6.0"
  resolved "https://registry.npmjs.org/is-core-module/-/is-core-module-2.6.0.tgz"
  dependencies:
    has "^1.0.3"

is-date-object@^1.0.1, is-date-object@^1.0.2:
  version "1.0.5"
  resolved "https://registry.npmjs.org/is-date-object/-/is-date-object-1.0.5.tgz"
  dependencies:
    has-tostringtag "^1.0.0"

is-map@^2.0.1, is-map@^2.0.2:
  version "2.0.2"
  resolved "https://registry.npmjs.org/is-map/-/is-map-2.0.2.tgz"

is-negative-zero@^2.0.1:
  version "2.0.1"
  resolved "https://registry.npmjs.org/is-negative-zero/-/is-negative-zero-2.0.1.tgz"

is-number-object@^1.0.4:
  version "1.0.6"
  resolved "https://registry.npmjs.org/is-number-object/-/is-number-object-1.0.6.tgz"
  dependencies:
    has-tostringtag "^1.0.0"

is-regex@^1.1.1, is-regex@^1.1.3, is-regex@^1.1.4:
  version "1.1.4"
  resolved "https://registry.npmjs.org/is-regex/-/is-regex-1.1.4.tgz"
  dependencies:
    call-bind "^1.0.2"
    has-tostringtag "^1.0.0"

is-set@^2.0.1, is-set@^2.0.2:
  version "2.0.2"
  resolved "https://registry.npmjs.org/is-set/-/is-set-2.0.2.tgz"

is-stream@^2.0.0:
  version "2.0.1"
  resolved "https://registry.npmjs.org/is-stream/-/is-stream-2.0.1.tgz"

is-string@^1.0.5, is-string@^1.0.6:
  version "1.0.7"
  resolved "https://registry.npmjs.org/is-string/-/is-string-1.0.7.tgz"
  dependencies:
    has-tostringtag "^1.0.0"

is-symbol@^1.0.2, is-symbol@^1.0.3:
  version "1.0.4"
  resolved "https://registry.npmjs.org/is-symbol/-/is-symbol-1.0.4.tgz"
  dependencies:
    has-symbols "^1.0.2"

is-typed-array@^1.1.7:
  version "1.1.8"
  resolved "https://registry.npmjs.org/is-typed-array/-/is-typed-array-1.1.8.tgz"
  dependencies:
    available-typed-arrays "^1.0.5"
    call-bind "^1.0.2"
    es-abstract "^1.18.5"
    foreach "^2.0.5"
    has-tostringtag "^1.0.0"

is-weakmap@^2.0.1:
  version "2.0.1"
  resolved "https://registry.npmjs.org/is-weakmap/-/is-weakmap-2.0.1.tgz"

is-weakset@^2.0.1:
  version "2.0.1"
  resolved "https://registry.npmjs.org/is-weakset/-/is-weakset-2.0.1.tgz"

isarray@^2.0.5:
  version "2.0.5"
  resolved "https://registry.npmjs.org/isarray/-/isarray-2.0.5.tgz"

isarray@~1.0.0:
  version "1.0.0"
  resolved "https://registry.npmjs.org/isarray/-/isarray-1.0.0.tgz"

json-bigint@^1.0.0:
  version "1.0.0"
  resolved "https://registry.npmjs.org/json-bigint/-/json-bigint-1.0.0.tgz"
  dependencies:
    bignumber.js "^9.0.0"

jwa@^2.0.0:
  version "2.0.0"
  resolved "https://registry.npmjs.org/jwa/-/jwa-2.0.0.tgz"
  dependencies:
    buffer-equal-constant-time "1.0.1"
    ecdsa-sig-formatter "1.0.11"
    safe-buffer "^5.0.1"

jws@^4.0.0:
  version "4.0.0"
  resolved "https://registry.npmjs.org/jws/-/jws-4.0.0.tgz"
  dependencies:
    jwa "^2.0.0"
    safe-buffer "^5.0.1"

lru-cache@^6.0.0:
  version "6.0.0"
  resolved "https://registry.npmjs.org/lru-cache/-/lru-cache-6.0.0.tgz"
  dependencies:
    yallist "^4.0.0"

mime-db@1.52.0, "mime-db@>= 1.43.0 < 2":
  version "1.52.0"
  resolved "https://registry.npmjs.org/mime-db/-/mime-db-1.52.0.tgz"

mime-types@^2.0.8:
  version "2.1.35"
  resolved "https://registry.npmjs.org/mime-types/-/mime-types-2.1.35.tgz"
  dependencies:
    mime-db "1.52.0"

mime@^3.0.0:
  version "3.0.0"
  resolved "https://registry.npmjs.org/mime/-/mime-3.0.0.tgz"

minimatch@^3.0.2, minimatch@^3.0.4:
  version "3.1.2"
  resolved "https://registry.yarnpkg.com/minimatch/-/minimatch-3.1.2.tgz#19cd194bfd3e428f049a70817c038d89ab4be35b"
  dependencies:
    brace-expansion "^1.1.7"

minimist@^1.2.5:
  version "1.2.5"
  resolved "https://registry.npmjs.org/minimist/-/minimist-1.2.5.tgz"

ms@2.1.2:
  version "2.1.2"
  resolved "https://registry.npmjs.org/ms/-/ms-2.1.2.tgz"

node-fetch@^2.6.1, node-fetch@^2.6.7:
  version "2.6.7"
  resolved "https://registry.npmjs.org/node-fetch/-/node-fetch-2.6.7.tgz"
  dependencies:
    whatwg-url "^5.0.0"

node-forge@^1.3.1:
  version "1.3.1"
  resolved "https://registry.npmjs.org/node-forge/-/node-forge-1.3.1.tgz"

object-inspect@^1.11.0, object-inspect@^1.9.0:
  version "1.11.0"
  resolved "https://registry.npmjs.org/object-inspect/-/object-inspect-1.11.0.tgz"

object-is@^1.1.4, object-is@^1.1.5:
  version "1.1.5"
  resolved "https://registry.npmjs.org/object-is/-/object-is-1.1.5.tgz"
  dependencies:
    call-bind "^1.0.2"
    define-properties "^1.1.3"

object-keys@^1.0.12, object-keys@^1.1.1:
  version "1.1.1"
  resolved "https://registry.npmjs.org/object-keys/-/object-keys-1.1.1.tgz"

object.assign@^4.1.2:
  version "4.1.2"
  resolved "https://registry.npmjs.org/object.assign/-/object.assign-4.1.2.tgz"
  dependencies:
    call-bind "^1.0.0"
    define-properties "^1.1.3"
    has-symbols "^1.0.1"
    object-keys "^1.1.1"

once@^1.3.0, once@^1.3.1, once@^1.4.0:
  version "1.4.0"
  resolved "https://registry.npmjs.org/once/-/once-1.4.0.tgz"
  dependencies:
    wrappy "1"

p-limit@^3.0.1:
  version "3.1.0"
  resolved "https://registry.npmjs.org/p-limit/-/p-limit-3.1.0.tgz"
  dependencies:
    yocto-queue "^0.1.0"

path-is-absolute@^1.0.0:
  version "1.0.1"
  resolved "https://registry.npmjs.org/path-is-absolute/-/path-is-absolute-1.0.1.tgz"

path-parse@^1.0.6:
  version "1.0.7"
  resolved "https://registry.npmjs.org/path-parse/-/path-parse-1.0.7.tgz"

process-nextick-args@~1.0.6:
  version "1.0.7"
  resolved "https://registry.npmjs.org/process-nextick-args/-/process-nextick-args-1.0.7.tgz"

process-nextick-args@~2.0.0:
  version "2.0.0"
  resolved "https://registry.npmjs.org/process-nextick-args/-/process-nextick-args-2.0.0.tgz"

pump@^1.0.2:
  version "1.0.2"
  resolved "https://registry.npmjs.org/pump/-/pump-1.0.2.tgz"
  dependencies:
    end-of-stream "^1.1.0"
    once "^1.3.1"

readable-stream@^2.0.0, readable-stream@^2.1.5:
  version "2.3.3"
  resolved "https://registry.npmjs.org/readable-stream/-/readable-stream-2.3.3.tgz"
  integrity "sha1-No8lEtefnUb9/HE0mueHi7weuVw= sha512-m+qzzcn7KUxEmd1gMbchF+Y2eIUbieUaxkWtptyHywrX0rE8QEYqPC07Vuy4Wm32/xE16NcdBctb8S0Xe/5IeQ=="
  dependencies:
    core-util-is "~1.0.0"
    inherits "~2.0.3"
    isarray "~1.0.0"
    process-nextick-args "~1.0.6"
    safe-buffer "~5.1.1"
    string_decoder "~1.0.3"
    util-deprecate "~1.0.1"

readable-stream@^2.0.2:
  version "2.3.6"
  resolved "https://registry.npmjs.org/readable-stream/-/readable-stream-2.3.6.tgz"
  dependencies:
    core-util-is "~1.0.0"
    inherits "~2.0.3"
    isarray "~1.0.0"
    process-nextick-args "~2.0.0"
    safe-buffer "~5.1.1"
    string_decoder "~1.1.1"
    util-deprecate "~1.0.1"

readable-stream@^3.1.1:
  version "3.6.0"
  resolved "https://registry.npmjs.org/readable-stream/-/readable-stream-3.6.0.tgz"
  dependencies:
    inherits "^2.0.3"
    string_decoder "^1.1.1"
    util-deprecate "^1.0.1"

readdirp@2.0.1:
  version "2.0.1"
  resolved "https://registry.npmjs.org/readdirp/-/readdirp-2.0.1.tgz"
  dependencies:
    graceful-fs "^4.1.2"
    minimatch "^3.0.2"
    readable-stream "^2.0.2"

regexp.prototype.flags@^1.3.0:
  version "1.3.1"
  resolved "https://registry.npmjs.org/regexp.prototype.flags/-/regexp.prototype.flags-1.3.1.tgz"
  dependencies:
    call-bind "^1.0.2"
    define-properties "^1.1.3"

resolve@^2.0.0-next.3:
  version "2.0.0-next.3"
  resolved "https://registry.npmjs.org/resolve/-/resolve-2.0.0-next.3.tgz"
  dependencies:
    is-core-module "^2.2.0"
    path-parse "^1.0.6"

resumer@^0.0.0:
  version "0.0.0"
  resolved "https://registry.npmjs.org/resumer/-/resumer-0.0.0.tgz"
  dependencies:
    through "~2.3.4"

retry-request@^5.0.0:
  version "5.0.2"
  resolved "https://registry.npmjs.org/retry-request/-/retry-request-5.0.2.tgz"
  dependencies:
    debug "^4.1.1"
    extend "^3.0.2"

retry@0.13.1:
  version "0.13.1"
  resolved "https://registry.npmjs.org/retry/-/retry-0.13.1.tgz"

safe-buffer@^5.0.1, safe-buffer@~5.1.0, safe-buffer@~5.1.1:
  version "5.1.1"
  resolved "https://registry.npmjs.org/safe-buffer/-/safe-buffer-5.1.1.tgz"

side-channel@^1.0.3, side-channel@^1.0.4:
  version "1.0.4"
  resolved "https://registry.npmjs.org/side-channel/-/side-channel-1.0.4.tgz"
  dependencies:
    call-bind "^1.0.0"
    get-intrinsic "^1.0.2"
    object-inspect "^1.9.0"

stream-events@^1.0.5:
  version "1.0.5"
  resolved "https://registry.npmjs.org/stream-events/-/stream-events-1.0.5.tgz"
  dependencies:
    stubs "^3.0.0"

stream-shift@^1.0.0:
  version "1.0.1"
  resolved "https://registry.npmjs.org/stream-shift/-/stream-shift-1.0.1.tgz"

string.prototype.trim@^1.2.4:
  version "1.2.4"
  resolved "https://registry.npmjs.org/string.prototype.trim/-/string.prototype.trim-1.2.4.tgz"
  dependencies:
    call-bind "^1.0.2"
    define-properties "^1.1.3"
    es-abstract "^1.18.0-next.2"

string.prototype.trimend@^1.0.4:
  version "1.0.4"
  resolved "https://registry.npmjs.org/string.prototype.trimend/-/string.prototype.trimend-1.0.4.tgz"
  dependencies:
    call-bind "^1.0.2"
    define-properties "^1.1.3"

string.prototype.trimstart@^1.0.4:
  version "1.0.4"
  resolved "https://registry.npmjs.org/string.prototype.trimstart/-/string.prototype.trimstart-1.0.4.tgz"
  dependencies:
    call-bind "^1.0.2"
    define-properties "^1.1.3"

string_decoder@^1.1.1, string_decoder@~1.1.1:
  version "1.1.1"
  resolved "https://registry.npmjs.org/string_decoder/-/string_decoder-1.1.1.tgz"
  dependencies:
    safe-buffer "~5.1.0"

string_decoder@~1.0.3:
  version "1.0.3"
  resolved "https://registry.npmjs.org/string_decoder/-/string_decoder-1.0.3.tgz"
  integrity "sha1-D8Z9fBQYJd6UKC3VNr7GubzoYKs= sha512-4AH6Z5fzNNBcH+6XDMfA/BTt87skxqJlO0lAh3Dker5zThcAxG6mKz+iGu308UKoPPQ8Dcqx/4JhujzltRa+hQ=="
  dependencies:
    safe-buffer "~5.1.0"

stubs@^3.0.0:
  version "3.0.0"
  resolved "https://registry.npmjs.org/stubs/-/stubs-3.0.0.tgz"

tape@^5.3.1:
  version "5.3.1"
  resolved "https://registry.npmjs.org/tape/-/tape-5.3.1.tgz"
  dependencies:
    call-bind "^1.0.2"
    deep-equal "^2.0.5"
    defined "^1.0.0"
    dotignore "^0.1.2"
    for-each "^0.3.3"
    get-package-type "^0.1.0"
    glob "^7.1.7"
    has "^1.0.3"
    has-dynamic-import "^2.0.0"
    inherits "^2.0.4"
    is-regex "^1.1.4"
    minimist "^1.2.5"
    object-inspect "^1.11.0"
    object-is "^1.1.5"
    object.assign "^4.1.2"
    resolve "^2.0.0-next.3"
    resumer "^0.0.0"
    string.prototype.trim "^1.2.4"
    through "^2.3.8"

teeny-request@^8.0.0:
  version "8.0.2"
  resolved "https://registry.npmjs.org/teeny-request/-/teeny-request-8.0.2.tgz"
  dependencies:
    http-proxy-agent "^5.0.0"
    https-proxy-agent "^5.0.0"
    node-fetch "^2.6.1"
    stream-events "^1.0.5"
    uuid "^9.0.0"

through2-concurrent@^1.1.1:
  version "1.1.1"
  resolved "https://registry.npmjs.org/through2-concurrent/-/through2-concurrent-1.1.1.tgz"
  dependencies:
    through2 "^2.0.0"

through2@^2.0.0, through2@^2.0.3:
  version "2.0.3"
  resolved "https://registry.npmjs.org/through2/-/through2-2.0.3.tgz"
  dependencies:
    readable-stream "^2.1.5"
    xtend "~4.0.1"

through@^2.3.8, through@~2.3.4:
  version "2.3.8"
  resolved "https://registry.npmjs.org/through/-/through-2.3.8.tgz"

tr46@~0.0.3:
  version "0.0.3"
  resolved "https://registry.npmjs.org/tr46/-/tr46-0.0.3.tgz"

unbox-primitive@^1.0.1:
  version "1.0.1"
  resolved "https://registry.npmjs.org/unbox-primitive/-/unbox-primitive-1.0.1.tgz"
  dependencies:
    function-bind "^1.1.1"
    has-bigints "^1.0.1"
    has-symbols "^1.0.2"
    which-boxed-primitive "^1.0.2"

util-deprecate@^1.0.1, util-deprecate@~1.0.1:
  version "1.0.2"
  resolved "https://registry.npmjs.org/util-deprecate/-/util-deprecate-1.0.2.tgz"

uuid@^8.0.0:
  version "8.3.2"
  resolved "https://registry.npmjs.org/uuid/-/uuid-8.3.2.tgz"

uuid@^9.0.0:
  version "9.0.0"
  resolved "https://registry.npmjs.org/uuid/-/uuid-9.0.0.tgz"

webidl-conversions@^3.0.0:
  version "3.0.1"
  resolved "https://registry.npmjs.org/webidl-conversions/-/webidl-conversions-3.0.1.tgz"

whatwg-url@^5.0.0:
  version "5.0.0"
  resolved "https://registry.npmjs.org/whatwg-url/-/whatwg-url-5.0.0.tgz"
  dependencies:
    tr46 "~0.0.3"
    webidl-conversions "^3.0.0"

which-boxed-primitive@^1.0.1, which-boxed-primitive@^1.0.2:
  version "1.0.2"
  resolved "https://registry.npmjs.org/which-boxed-primitive/-/which-boxed-primitive-1.0.2.tgz"
  dependencies:
    is-bigint "^1.0.1"
    is-boolean-object "^1.1.0"
    is-number-object "^1.0.4"
    is-string "^1.0.5"
    is-symbol "^1.0.3"

which-collection@^1.0.1:
  version "1.0.1"
  resolved "https://registry.npmjs.org/which-collection/-/which-collection-1.0.1.tgz"
  dependencies:
    is-map "^2.0.1"
    is-set "^2.0.1"
    is-weakmap "^2.0.1"
    is-weakset "^2.0.1"

which-typed-array@^1.1.2:
  version "1.1.7"
  resolved "https://registry.npmjs.org/which-typed-array/-/which-typed-array-1.1.7.tgz"
  dependencies:
    available-typed-arrays "^1.0.5"
    call-bind "^1.0.2"
    es-abstract "^1.18.5"
    foreach "^2.0.5"
    has-tostringtag "^1.0.0"
    is-typed-array "^1.1.7"

wrappy@1:
  version "1.0.2"
  resolved "https://registry.npmjs.org/wrappy/-/wrappy-1.0.2.tgz"

xtend@~4.0.1:
  version "4.0.1"
  resolved "https://registry.npmjs.org/xtend/-/xtend-4.0.1.tgz"

yallist@^4.0.0:
  version "4.0.0"
  resolved "https://registry.npmjs.org/yallist/-/yallist-4.0.0.tgz"

yocto-queue@^0.1.0:
  version "0.1.0"
  resolved "https://registry.npmjs.org/yocto-queue/-/yocto-queue-0.1.0.tgz"
